// !$*UTF8*$!
{
	archiveVersion = 1;
	classes = {
	};
	objectVersion = 51;
	objects = {

/* Begin PBXBuildFile section */
		1ED323DAD1D2A897644D58C4 /* Pods_Parstagram_ParstagramUITests.framework in Frameworks */ = {isa = PBXBuildFile; fileRef = 896F5A7EC33D2F7910E53419 /* Pods_Parstagram_ParstagramUITests.framework */; };
		AE3C755AF660F77742FD64CB /* Pods_ParstagramTests.framework in Frameworks */ = {isa = PBXBuildFile; fileRef = 893B763D4E24FC4C204D68F1 /* Pods_ParstagramTests.framework */; };
		E1F63E9FAF656D02DF09EE2A /* Pods_Parstagram.framework in Frameworks */ = {isa = PBXBuildFile; fileRef = FBC088BAB19E3EE867BB4436 /* Pods_Parstagram.framework */; };
		E560FC942606892200F91394 /* LoginViewController.swift in Sources */ = {isa = PBXBuildFile; fileRef = E560FC932606892200F91394 /* LoginViewController.swift */; };
		E560FC992606CD2900F91394 /* CameraViewController.swift in Sources */ = {isa = PBXBuildFile; fileRef = E560FC982606CD2900F91394 /* CameraViewController.swift */; };
		E560FCB12606D80800F91394 /* PostCell.swift in Sources */ = {isa = PBXBuildFile; fileRef = E560FCB02606D80800F91394 /* PostCell.swift */; };
		E560FCBB2606D92500F91394 /* FeedTableViewController.swift in Sources */ = {isa = PBXBuildFile; fileRef = E560FCBA2606D92500F91394 /* FeedTableViewController.swift */; };
		E562D73D26066724006AAEFF /* AppDelegate.swift in Sources */ = {isa = PBXBuildFile; fileRef = E562D73C26066724006AAEFF /* AppDelegate.swift */; };
		E562D73F26066724006AAEFF /* SceneDelegate.swift in Sources */ = {isa = PBXBuildFile; fileRef = E562D73E26066724006AAEFF /* SceneDelegate.swift */; };
		E562D74126066724006AAEFF /* ViewController.swift in Sources */ = {isa = PBXBuildFile; fileRef = E562D74026066724006AAEFF /* ViewController.swift */; };
		E562D74426066724006AAEFF /* Main.storyboard in Resources */ = {isa = PBXBuildFile; fileRef = E562D74226066724006AAEFF /* Main.storyboard */; };
		E562D74626066727006AAEFF /* Assets.xcassets in Resources */ = {isa = PBXBuildFile; fileRef = E562D74526066727006AAEFF /* Assets.xcassets */; };
		E562D74926066727006AAEFF /* LaunchScreen.storyboard in Resources */ = {isa = PBXBuildFile; fileRef = E562D74726066727006AAEFF /* LaunchScreen.storyboard */; };
		E562D75426066727006AAEFF /* ParstagramTests.swift in Sources */ = {isa = PBXBuildFile; fileRef = E562D75326066727006AAEFF /* ParstagramTests.swift */; };
		E562D75F26066727006AAEFF /* ParstagramUITests.swift in Sources */ = {isa = PBXBuildFile; fileRef = E562D75E26066727006AAEFF /* ParstagramUITests.swift */; };
/* End PBXBuildFile section */

/* Begin PBXContainerItemProxy section */
		E562D75026066727006AAEFF /* PBXContainerItemProxy */ = {
			isa = PBXContainerItemProxy;
			containerPortal = E562D73126066724006AAEFF /* Project object */;
			proxyType = 1;
			remoteGlobalIDString = E562D73826066724006AAEFF;
			remoteInfo = Parstagram;
		};
		E562D75B26066727006AAEFF /* PBXContainerItemProxy */ = {
			isa = PBXContainerItemProxy;
			containerPortal = E562D73126066724006AAEFF /* Project object */;
			proxyType = 1;
			remoteGlobalIDString = E562D73826066724006AAEFF;
			remoteInfo = Parstagram;
		};
/* End PBXContainerItemProxy section */

/* Begin PBXFileReference section */
		08939275E98260B2BAC36101 /* Pods-Parstagram-ParstagramUITests.release.xcconfig */ = {isa = PBXFileReference; includeInIndex = 1; lastKnownFileType = text.xcconfig; name = "Pods-Parstagram-ParstagramUITests.release.xcconfig"; path = "Target Support Files/Pods-Parstagram-ParstagramUITests/Pods-Parstagram-ParstagramUITests.release.xcconfig"; sourceTree = "<group>"; };
		11B0959CB2ED0F40A0AA108D /* Pods-ParstagramTests.release.xcconfig */ = {isa = PBXFileReference; includeInIndex = 1; lastKnownFileType = text.xcconfig; name = "Pods-ParstagramTests.release.xcconfig"; path = "Target Support Files/Pods-ParstagramTests/Pods-ParstagramTests.release.xcconfig"; sourceTree = "<group>"; };
		21C746EB11963C9DC9271D5B /* Pods-Parstagram.release.xcconfig */ = {isa = PBXFileReference; includeInIndex = 1; lastKnownFileType = text.xcconfig; name = "Pods-Parstagram.release.xcconfig"; path = "Target Support Files/Pods-Parstagram/Pods-Parstagram.release.xcconfig"; sourceTree = "<group>"; };
		3FAA8307F7046D02925EB557 /* Pods-Parstagram.debug.xcconfig */ = {isa = PBXFileReference; includeInIndex = 1; lastKnownFileType = text.xcconfig; name = "Pods-Parstagram.debug.xcconfig"; path = "Target Support Files/Pods-Parstagram/Pods-Parstagram.debug.xcconfig"; sourceTree = "<group>"; };
		4EA9C3A98584C213C928181A /* Pods-Parstagram-ParstagramUITests.debug.xcconfig */ = {isa = PBXFileReference; includeInIndex = 1; lastKnownFileType = text.xcconfig; name = "Pods-Parstagram-ParstagramUITests.debug.xcconfig"; path = "Target Support Files/Pods-Parstagram-ParstagramUITests/Pods-Parstagram-ParstagramUITests.debug.xcconfig"; sourceTree = "<group>"; };
		893B763D4E24FC4C204D68F1 /* Pods_ParstagramTests.framework */ = {isa = PBXFileReference; explicitFileType = wrapper.framework; includeInIndex = 0; path = Pods_ParstagramTests.framework; sourceTree = BUILT_PRODUCTS_DIR; };
		896F5A7EC33D2F7910E53419 /* Pods_Parstagram_ParstagramUITests.framework */ = {isa = PBXFileReference; explicitFileType = wrapper.framework; includeInIndex = 0; path = Pods_Parstagram_ParstagramUITests.framework; sourceTree = BUILT_PRODUCTS_DIR; };
		B4BD3D92FA78FB375BEE6D5F /* Pods-ParstagramTests.debug.xcconfig */ = {isa = PBXFileReference; includeInIndex = 1; lastKnownFileType = text.xcconfig; name = "Pods-ParstagramTests.debug.xcconfig"; path = "Target Support Files/Pods-ParstagramTests/Pods-ParstagramTests.debug.xcconfig"; sourceTree = "<group>"; };
		E560FC932606892200F91394 /* LoginViewController.swift */ = {isa = PBXFileReference; lastKnownFileType = sourcecode.swift; path = LoginViewController.swift; sourceTree = "<group>"; };
		E560FC982606CD2900F91394 /* CameraViewController.swift */ = {isa = PBXFileReference; lastKnownFileType = sourcecode.swift; path = CameraViewController.swift; sourceTree = "<group>"; };
		E560FCB02606D80800F91394 /* PostCell.swift */ = {isa = PBXFileReference; lastKnownFileType = sourcecode.swift; path = PostCell.swift; sourceTree = "<group>"; };
		E560FCBA2606D92500F91394 /* FeedTableViewController.swift */ = {isa = PBXFileReference; lastKnownFileType = sourcecode.swift; path = FeedTableViewController.swift; sourceTree = "<group>"; };
		E562D73926066724006AAEFF /* Parstagram.app */ = {isa = PBXFileReference; explicitFileType = wrapper.application; includeInIndex = 0; path = Parstagram.app; sourceTree = BUILT_PRODUCTS_DIR; };
		E562D73C26066724006AAEFF /* AppDelegate.swift */ = {isa = PBXFileReference; lastKnownFileType = sourcecode.swift; path = AppDelegate.swift; sourceTree = "<group>"; };
		E562D73E26066724006AAEFF /* SceneDelegate.swift */ = {isa = PBXFileReference; lastKnownFileType = sourcecode.swift; path = SceneDelegate.swift; sourceTree = "<group>"; };
		E562D74026066724006AAEFF /* ViewController.swift */ = {isa = PBXFileReference; lastKnownFileType = sourcecode.swift; path = ViewController.swift; sourceTree = "<group>"; };
		E562D74326066724006AAEFF /* Base */ = {isa = PBXFileReference; lastKnownFileType = file.storyboard; name = Base; path = Base.lproj/Main.storyboard; sourceTree = "<group>"; };
		E562D74526066727006AAEFF /* Assets.xcassets */ = {isa = PBXFileReference; lastKnownFileType = folder.assetcatalog; path = Assets.xcassets; sourceTree = "<group>"; };
		E562D74826066727006AAEFF /* Base */ = {isa = PBXFileReference; lastKnownFileType = file.storyboard; name = Base; path = Base.lproj/LaunchScreen.storyboard; sourceTree = "<group>"; };
		E562D74A26066727006AAEFF /* Info.plist */ = {isa = PBXFileReference; lastKnownFileType = text.plist.xml; path = Info.plist; sourceTree = "<group>"; };
		E562D74F26066727006AAEFF /* ParstagramTests.xctest */ = {isa = PBXFileReference; explicitFileType = wrapper.cfbundle; includeInIndex = 0; path = ParstagramTests.xctest; sourceTree = BUILT_PRODUCTS_DIR; };
		E562D75326066727006AAEFF /* ParstagramTests.swift */ = {isa = PBXFileReference; lastKnownFileType = sourcecode.swift; path = ParstagramTests.swift; sourceTree = "<group>"; };
		E562D75526066727006AAEFF /* Info.plist */ = {isa = PBXFileReference; lastKnownFileType = text.plist.xml; path = Info.plist; sourceTree = "<group>"; };
		E562D75A26066727006AAEFF /* ParstagramUITests.xctest */ = {isa = PBXFileReference; explicitFileType = wrapper.cfbundle; includeInIndex = 0; path = ParstagramUITests.xctest; sourceTree = BUILT_PRODUCTS_DIR; };
		E562D75E26066727006AAEFF /* ParstagramUITests.swift */ = {isa = PBXFileReference; lastKnownFileType = sourcecode.swift; path = ParstagramUITests.swift; sourceTree = "<group>"; };
		E562D76026066727006AAEFF /* Info.plist */ = {isa = PBXFileReference; lastKnownFileType = text.plist.xml; path = Info.plist; sourceTree = "<group>"; };
		FBC088BAB19E3EE867BB4436 /* Pods_Parstagram.framework */ = {isa = PBXFileReference; explicitFileType = wrapper.framework; includeInIndex = 0; path = Pods_Parstagram.framework; sourceTree = BUILT_PRODUCTS_DIR; };
/* End PBXFileReference section */

/* Begin PBXFrameworksBuildPhase section */
		E562D73626066724006AAEFF /* Frameworks */ = {
			isa = PBXFrameworksBuildPhase;
			buildActionMask = 2147483647;
			files = (
				E1F63E9FAF656D02DF09EE2A /* Pods_Parstagram.framework in Frameworks */,
			);
			runOnlyForDeploymentPostprocessing = 0;
		};
		E562D74C26066727006AAEFF /* Frameworks */ = {
			isa = PBXFrameworksBuildPhase;
			buildActionMask = 2147483647;
			files = (
				AE3C755AF660F77742FD64CB /* Pods_ParstagramTests.framework in Frameworks */,
			);
			runOnlyForDeploymentPostprocessing = 0;
		};
		E562D75726066727006AAEFF /* Frameworks */ = {
			isa = PBXFrameworksBuildPhase;
			buildActionMask = 2147483647;
			files = (
				1ED323DAD1D2A897644D58C4 /* Pods_Parstagram_ParstagramUITests.framework in Frameworks */,
			);
			runOnlyForDeploymentPostprocessing = 0;
		};
/* End PBXFrameworksBuildPhase section */

/* Begin PBXGroup section */
		9DEE5691F6C42E1CBDD4AD9C /* Frameworks */ = {
			isa = PBXGroup;
			children = (
				FBC088BAB19E3EE867BB4436 /* Pods_Parstagram.framework */,
				896F5A7EC33D2F7910E53419 /* Pods_Parstagram_ParstagramUITests.framework */,
				893B763D4E24FC4C204D68F1 /* Pods_ParstagramTests.framework */,
			);
			name = Frameworks;
			sourceTree = "<group>";
		};
		E562D73026066724006AAEFF = {
			isa = PBXGroup;
			children = (
				E562D73B26066724006AAEFF /* Parstagram */,
				E562D75226066727006AAEFF /* ParstagramTests */,
				E562D75D26066727006AAEFF /* ParstagramUITests */,
				E562D73A26066724006AAEFF /* Products */,
				FFB54AF354B21D6492A70F43 /* Pods */,
				9DEE5691F6C42E1CBDD4AD9C /* Frameworks */,
			);
			sourceTree = "<group>";
		};
		E562D73A26066724006AAEFF /* Products */ = {
			isa = PBXGroup;
			children = (
				E562D73926066724006AAEFF /* Parstagram.app */,
				E562D74F26066727006AAEFF /* ParstagramTests.xctest */,
				E562D75A26066727006AAEFF /* ParstagramUITests.xctest */,
			);
			name = Products;
			sourceTree = "<group>";
		};
		E562D73B26066724006AAEFF /* Parstagram */ = {
			isa = PBXGroup;
			children = (
				E562D73C26066724006AAEFF /* AppDelegate.swift */,
				E562D73E26066724006AAEFF /* SceneDelegate.swift */,
				E562D74026066724006AAEFF /* ViewController.swift */,
				E562D74226066724006AAEFF /* Main.storyboard */,
				E562D74526066727006AAEFF /* Assets.xcassets */,
				E562D74726066727006AAEFF /* LaunchScreen.storyboard */,
				E562D74A26066727006AAEFF /* Info.plist */,
				E560FC932606892200F91394 /* LoginViewController.swift */,
				E560FC982606CD2900F91394 /* CameraViewController.swift */,
				E560FCB02606D80800F91394 /* PostCell.swift */,
				E560FCBA2606D92500F91394 /* FeedTableViewController.swift */,
			);
			path = Parstagram;
			sourceTree = "<group>";
		};
		E562D75226066727006AAEFF /* ParstagramTests */ = {
			isa = PBXGroup;
			children = (
				E562D75326066727006AAEFF /* ParstagramTests.swift */,
				E562D75526066727006AAEFF /* Info.plist */,
			);
			path = ParstagramTests;
			sourceTree = "<group>";
		};
		E562D75D26066727006AAEFF /* ParstagramUITests */ = {
			isa = PBXGroup;
			children = (
				E562D75E26066727006AAEFF /* ParstagramUITests.swift */,
				E562D76026066727006AAEFF /* Info.plist */,
			);
			path = ParstagramUITests;
			sourceTree = "<group>";
		};
		FFB54AF354B21D6492A70F43 /* Pods */ = {
			isa = PBXGroup;
			children = (
				3FAA8307F7046D02925EB557 /* Pods-Parstagram.debug.xcconfig */,
				21C746EB11963C9DC9271D5B /* Pods-Parstagram.release.xcconfig */,
				4EA9C3A98584C213C928181A /* Pods-Parstagram-ParstagramUITests.debug.xcconfig */,
				08939275E98260B2BAC36101 /* Pods-Parstagram-ParstagramUITests.release.xcconfig */,
				B4BD3D92FA78FB375BEE6D5F /* Pods-ParstagramTests.debug.xcconfig */,
				11B0959CB2ED0F40A0AA108D /* Pods-ParstagramTests.release.xcconfig */,
			);
			path = Pods;
			sourceTree = "<group>";
		};
/* End PBXGroup section */

/* Begin PBXNativeTarget section */
		E562D73826066724006AAEFF /* Parstagram */ = {
			isa = PBXNativeTarget;
			buildConfigurationList = E562D76326066727006AAEFF /* Build configuration list for PBXNativeTarget "Parstagram" */;
			buildPhases = (
				B34AAE1CF9EA1ED966DCC605 /* [CP] Check Pods Manifest.lock */,
				E562D73526066724006AAEFF /* Sources */,
				E562D73626066724006AAEFF /* Frameworks */,
				E562D73726066724006AAEFF /* Resources */,
				CFA25240FAFA931CD2825C68 /* [CP] Embed Pods Frameworks */,
			);
			buildRules = (
			);
			dependencies = (
			);
			name = Parstagram;
			productName = Parstagram;
			productReference = E562D73926066724006AAEFF /* Parstagram.app */;
			productType = "com.apple.product-type.application";
		};
		E562D74E26066727006AAEFF /* ParstagramTests */ = {
			isa = PBXNativeTarget;
			buildConfigurationList = E562D76626066727006AAEFF /* Build configuration list for PBXNativeTarget "ParstagramTests" */;
			buildPhases = (
				09177488BE39FB8093351641 /* [CP] Check Pods Manifest.lock */,
				E562D74B26066727006AAEFF /* Sources */,
				E562D74C26066727006AAEFF /* Frameworks */,
				E562D74D26066727006AAEFF /* Resources */,
			);
			buildRules = (
			);
			dependencies = (
				E562D75126066727006AAEFF /* PBXTargetDependency */,
			);
			name = ParstagramTests;
			productName = ParstagramTests;
			productReference = E562D74F26066727006AAEFF /* ParstagramTests.xctest */;
			productType = "com.apple.product-type.bundle.unit-test";
		};
		E562D75926066727006AAEFF /* ParstagramUITests */ = {
			isa = PBXNativeTarget;
			buildConfigurationList = E562D76926066727006AAEFF /* Build configuration list for PBXNativeTarget "ParstagramUITests" */;
			buildPhases = (
				CFB1F1B6226CADC3F7A182B4 /* [CP] Check Pods Manifest.lock */,
				E562D75626066727006AAEFF /* Sources */,
				E562D75726066727006AAEFF /* Frameworks */,
				E562D75826066727006AAEFF /* Resources */,
				DD78930EBAB50DA7735699BF /* [CP] Embed Pods Frameworks */,
			);
			buildRules = (
			);
			dependencies = (
				E562D75C26066727006AAEFF /* PBXTargetDependency */,
			);
			name = ParstagramUITests;
			productName = ParstagramUITests;
			productReference = E562D75A26066727006AAEFF /* ParstagramUITests.xctest */;
			productType = "com.apple.product-type.bundle.ui-testing";
		};
/* End PBXNativeTarget section */

/* Begin PBXProject section */
		E562D73126066724006AAEFF /* Project object */ = {
			isa = PBXProject;
			attributes = {
				LastSwiftUpdateCheck = 1240;
				LastUpgradeCheck = 1240;
				TargetAttributes = {
					E562D73826066724006AAEFF = {
						CreatedOnToolsVersion = 12.4;
					};
					E562D74E26066727006AAEFF = {
						CreatedOnToolsVersion = 12.4;
						TestTargetID = E562D73826066724006AAEFF;
					};
					E562D75926066727006AAEFF = {
						CreatedOnToolsVersion = 12.4;
						TestTargetID = E562D73826066724006AAEFF;
					};
				};
			};
			buildConfigurationList = E562D73426066724006AAEFF /* Build configuration list for PBXProject "Parstagram" */;
			compatibilityVersion = "Xcode 9.3";
			developmentRegion = en;
			hasScannedForEncodings = 0;
			knownRegions = (
				en,
				Base,
			);
			mainGroup = E562D73026066724006AAEFF;
			productRefGroup = E562D73A26066724006AAEFF /* Products */;
			projectDirPath = "";
			projectRoot = "";
			targets = (
				E562D73826066724006AAEFF /* Parstagram */,
				E562D74E26066727006AAEFF /* ParstagramTests */,
				E562D75926066727006AAEFF /* ParstagramUITests */,
			);
		};
/* End PBXProject section */

/* Begin PBXResourcesBuildPhase section */
		E562D73726066724006AAEFF /* Resources */ = {
			isa = PBXResourcesBuildPhase;
			buildActionMask = 2147483647;
			files = (
				E562D74926066727006AAEFF /* LaunchScreen.storyboard in Resources */,
				E562D74626066727006AAEFF /* Assets.xcassets in Resources */,
				E562D74426066724006AAEFF /* Main.storyboard in Resources */,
			);
			runOnlyForDeploymentPostprocessing = 0;
		};
		E562D74D26066727006AAEFF /* Resources */ = {
			isa = PBXResourcesBuildPhase;
			buildActionMask = 2147483647;
			files = (
			);
			runOnlyForDeploymentPostprocessing = 0;
		};
		E562D75826066727006AAEFF /* Resources */ = {
			isa = PBXResourcesBuildPhase;
			buildActionMask = 2147483647;
			files = (
			);
			runOnlyForDeploymentPostprocessing = 0;
		};
/* End PBXResourcesBuildPhase section */

/* Begin PBXShellScriptBuildPhase section */
		09177488BE39FB8093351641 /* [CP] Check Pods Manifest.lock */ = {
			isa = PBXShellScriptBuildPhase;
			buildActionMask = 2147483647;
			files = (
			);
			inputFileListPaths = (
			);
			inputPaths = (
				"${PODS_PODFILE_DIR_PATH}/Podfile.lock",
				"${PODS_ROOT}/Manifest.lock",
			);
			name = "[CP] Check Pods Manifest.lock";
			outputFileListPaths = (
			);
			outputPaths = (
				"$(DERIVED_FILE_DIR)/Pods-ParstagramTests-checkManifestLockResult.txt",
			);
			runOnlyForDeploymentPostprocessing = 0;
			shellPath = /bin/sh;
			shellScript = "diff \"${PODS_PODFILE_DIR_PATH}/Podfile.lock\" \"${PODS_ROOT}/Manifest.lock\" > /dev/null\nif [ $? != 0 ] ; then\n    # print error to STDERR\n    echo \"error: The sandbox is not in sync with the Podfile.lock. Run 'pod install' or update your CocoaPods installation.\" >&2\n    exit 1\nfi\n# This output is used by Xcode 'outputs' to avoid re-running this script phase.\necho \"SUCCESS\" > \"${SCRIPT_OUTPUT_FILE_0}\"\n";
			showEnvVarsInLog = 0;
		};
		B34AAE1CF9EA1ED966DCC605 /* [CP] Check Pods Manifest.lock */ = {
			isa = PBXShellScriptBuildPhase;
			buildActionMask = 2147483647;
			files = (
			);
			inputFileListPaths = (
			);
			inputPaths = (
				"${PODS_PODFILE_DIR_PATH}/Podfile.lock",
				"${PODS_ROOT}/Manifest.lock",
			);
			name = "[CP] Check Pods Manifest.lock";
			outputFileListPaths = (
			);
			outputPaths = (
				"$(DERIVED_FILE_DIR)/Pods-Parstagram-checkManifestLockResult.txt",
			);
			runOnlyForDeploymentPostprocessing = 0;
			shellPath = /bin/sh;
			shellScript = "diff \"${PODS_PODFILE_DIR_PATH}/Podfile.lock\" \"${PODS_ROOT}/Manifest.lock\" > /dev/null\nif [ $? != 0 ] ; then\n    # print error to STDERR\n    echo \"error: The sandbox is not in sync with the Podfile.lock. Run 'pod install' or update your CocoaPods installation.\" >&2\n    exit 1\nfi\n# This output is used by Xcode 'outputs' to avoid re-running this script phase.\necho \"SUCCESS\" > \"${SCRIPT_OUTPUT_FILE_0}\"\n";
			showEnvVarsInLog = 0;
		};
		CFA25240FAFA931CD2825C68 /* [CP] Embed Pods Frameworks */ = {
			isa = PBXShellScriptBuildPhase;
			buildActionMask = 2147483647;
			files = (
			);
			inputFileListPaths = (
				"${PODS_ROOT}/Target Support Files/Pods-Parstagram/Pods-Parstagram-frameworks-${CONFIGURATION}-input-files.xcfilelist",
			);
			name = "[CP] Embed Pods Frameworks";
			outputFileListPaths = (
				"${PODS_ROOT}/Target Support Files/Pods-Parstagram/Pods-Parstagram-frameworks-${CONFIGURATION}-output-files.xcfilelist",
			);
			runOnlyForDeploymentPostprocessing = 0;
			shellPath = /bin/sh;
			shellScript = "\"${PODS_ROOT}/Target Support Files/Pods-Parstagram/Pods-Parstagram-frameworks.sh\"\n";
			showEnvVarsInLog = 0;
		};
		CFB1F1B6226CADC3F7A182B4 /* [CP] Check Pods Manifest.lock */ = {
			isa = PBXShellScriptBuildPhase;
			buildActionMask = 2147483647;
			files = (
			);
			inputFileListPaths = (
			);
			inputPaths = (
				"${PODS_PODFILE_DIR_PATH}/Podfile.lock",
				"${PODS_ROOT}/Manifest.lock",
			);
			name = "[CP] Check Pods Manifest.lock";
			outputFileListPaths = (
			);
			outputPaths = (
				"$(DERIVED_FILE_DIR)/Pods-Parstagram-ParstagramUITests-checkManifestLockResult.txt",
			);
			runOnlyForDeploymentPostprocessing = 0;
			shellPath = /bin/sh;
			shellScript = "diff \"${PODS_PODFILE_DIR_PATH}/Podfile.lock\" \"${PODS_ROOT}/Manifest.lock\" > /dev/null\nif [ $? != 0 ] ; then\n    # print error to STDERR\n    echo \"error: The sandbox is not in sync with the Podfile.lock. Run 'pod install' or update your CocoaPods installation.\" >&2\n    exit 1\nfi\n# This output is used by Xcode 'outputs' to avoid re-running this script phase.\necho \"SUCCESS\" > \"${SCRIPT_OUTPUT_FILE_0}\"\n";
			showEnvVarsInLog = 0;
		};
		DD78930EBAB50DA7735699BF /* [CP] Embed Pods Frameworks */ = {
			isa = PBXShellScriptBuildPhase;
			buildActionMask = 2147483647;
			files = (
			);
			inputFileListPaths = (
				"${PODS_ROOT}/Target Support Files/Pods-Parstagram-ParstagramUITests/Pods-Parstagram-ParstagramUITests-frameworks-${CONFIGURATION}-input-files.xcfilelist",
			);
			name = "[CP] Embed Pods Frameworks";
			outputFileListPaths = (
				"${PODS_ROOT}/Target Support Files/Pods-Parstagram-ParstagramUITests/Pods-Parstagram-ParstagramUITests-frameworks-${CONFIGURATION}-output-files.xcfilelist",
			);
			runOnlyForDeploymentPostprocessing = 0;
			shellPath = /bin/sh;
			shellScript = "\"${PODS_ROOT}/Target Support Files/Pods-Parstagram-ParstagramUITests/Pods-Parstagram-ParstagramUITests-frameworks.sh\"\n";
			showEnvVarsInLog = 0;
		};
/* End PBXShellScriptBuildPhase section */

/* Begin PBXSourcesBuildPhase section */
		E562D73526066724006AAEFF /* Sources */ = {
			isa = PBXSourcesBuildPhase;
			buildActionMask = 2147483647;
			files = (
				E560FC942606892200F91394 /* LoginViewController.swift in Sources */,
				E560FC992606CD2900F91394 /* CameraViewController.swift in Sources */,
				E562D74126066724006AAEFF /* ViewController.swift in Sources */,
				E560FCBB2606D92500F91394 /* FeedTableViewController.swift in Sources */,
				E562D73D26066724006AAEFF /* AppDelegate.swift in Sources */,
				E562D73F26066724006AAEFF /* SceneDelegate.swift in Sources */,
				E560FCB12606D80800F91394 /* PostCell.swift in Sources */,
			);
			runOnlyForDeploymentPostprocessing = 0;
		};
		E562D74B26066727006AAEFF /* Sources */ = {
			isa = PBXSourcesBuildPhase;
			buildActionMask = 2147483647;
			files = (
				E562D75426066727006AAEFF /* ParstagramTests.swift in Sources */,
			);
			runOnlyForDeploymentPostprocessing = 0;
		};
		E562D75626066727006AAEFF /* Sources */ = {
			isa = PBXSourcesBuildPhase;
			buildActionMask = 2147483647;
			files = (
				E562D75F26066727006AAEFF /* ParstagramUITests.swift in Sources */,
			);
			runOnlyForDeploymentPostprocessing = 0;
		};
/* End PBXSourcesBuildPhase section */

/* Begin PBXTargetDependency section */
		E562D75126066727006AAEFF /* PBXTargetDependency */ = {
			isa = PBXTargetDependency;
			target = E562D73826066724006AAEFF /* Parstagram */;
			targetProxy = E562D75026066727006AAEFF /* PBXContainerItemProxy */;
		};
		E562D75C26066727006AAEFF /* PBXTargetDependency */ = {
			isa = PBXTargetDependency;
			target = E562D73826066724006AAEFF /* Parstagram */;
			targetProxy = E562D75B26066727006AAEFF /* PBXContainerItemProxy */;
		};
/* End PBXTargetDependency section */

/* Begin PBXVariantGroup section */
		E562D74226066724006AAEFF /* Main.storyboard */ = {
			isa = PBXVariantGroup;
			children = (
				E562D74326066724006AAEFF /* Base */,
			);
			name = Main.storyboard;
			sourceTree = "<group>";
		};
		E562D74726066727006AAEFF /* LaunchScreen.storyboard */ = {
			isa = PBXVariantGroup;
			children = (
				E562D74826066727006AAEFF /* Base */,
			);
			name = LaunchScreen.storyboard;
			sourceTree = "<group>";
		};
/* End PBXVariantGroup section */

/* Begin XCBuildConfiguration section */
		E562D76126066727006AAEFF /* Debug */ = {
			isa = XCBuildConfiguration;
			buildSettings = {
				ALWAYS_SEARCH_USER_PATHS = NO;
				CLANG_ANALYZER_NONNULL = YES;
				CLANG_ANALYZER_NUMBER_OBJECT_CONVERSION = YES_AGGRESSIVE;
				CLANG_CXX_LANGUAGE_STANDARD = "gnu++14";
				CLANG_CXX_LIBRARY = "libc++";
				CLANG_ENABLE_MODULES = YES;
				CLANG_ENABLE_OBJC_ARC = YES;
				CLANG_ENABLE_OBJC_WEAK = YES;
				CLANG_WARN_BLOCK_CAPTURE_AUTORELEASING = YES;
				CLANG_WARN_BOOL_CONVERSION = YES;
				CLANG_WARN_COMMA = YES;
				CLANG_WARN_CONSTANT_CONVERSION = YES;
				CLANG_WARN_DEPRECATED_OBJC_IMPLEMENTATIONS = YES;
				CLANG_WARN_DIRECT_OBJC_ISA_USAGE = YES_ERROR;
				CLANG_WARN_DOCUMENTATION_COMMENTS = YES;
				CLANG_WARN_EMPTY_BODY = YES;
				CLANG_WARN_ENUM_CONVERSION = YES;
				CLANG_WARN_INFINITE_RECURSION = YES;
				CLANG_WARN_INT_CONVERSION = YES;
				CLANG_WARN_NON_LITERAL_NULL_CONVERSION = YES;
				CLANG_WARN_OBJC_IMPLICIT_RETAIN_SELF = YES;
				CLANG_WARN_OBJC_LITERAL_CONVERSION = YES;
				CLANG_WARN_OBJC_ROOT_CLASS = YES_ERROR;
				CLANG_WARN_QUOTED_INCLUDE_IN_FRAMEWORK_HEADER = YES;
				CLANG_WARN_RANGE_LOOP_ANALYSIS = YES;
				CLANG_WARN_STRICT_PROTOTYPES = YES;
				CLANG_WARN_SUSPICIOUS_MOVE = YES;
				CLANG_WARN_UNGUARDED_AVAILABILITY = YES_AGGRESSIVE;
				CLANG_WARN_UNREACHABLE_CODE = YES;
				CLANG_WARN__DUPLICATE_METHOD_MATCH = YES;
				COPY_PHASE_STRIP = NO;
				DEBUG_INFORMATION_FORMAT = dwarf;
				ENABLE_STRICT_OBJC_MSGSEND = YES;
				ENABLE_TESTABILITY = YES;
				GCC_C_LANGUAGE_STANDARD = gnu11;
				GCC_DYNAMIC_NO_PIC = NO;
				GCC_NO_COMMON_BLOCKS = YES;
				GCC_OPTIMIZATION_LEVEL = 0;
				GCC_PREPROCESSOR_DEFINITIONS = (
					"DEBUG=1",
					"$(inherited)",
				);
				GCC_WARN_64_TO_32_BIT_CONVERSION = YES;
				GCC_WARN_ABOUT_RETURN_TYPE = YES_ERROR;
				GCC_WARN_UNDECLARED_SELECTOR = YES;
				GCC_WARN_UNINITIALIZED_AUTOS = YES_AGGRESSIVE;
				GCC_WARN_UNUSED_FUNCTION = YES;
				GCC_WARN_UNUSED_VARIABLE = YES;
				IPHONEOS_DEPLOYMENT_TARGET = 14.4;
				MTL_ENABLE_DEBUG_INFO = INCLUDE_SOURCE;
				MTL_FAST_MATH = YES;
				ONLY_ACTIVE_ARCH = YES;
				SDKROOT = iphoneos;
				SWIFT_ACTIVE_COMPILATION_CONDITIONS = DEBUG;
				SWIFT_OPTIMIZATION_LEVEL = "-Onone";
			};
			name = Debug;
		};
		E562D76226066727006AAEFF /* Release */ = {
			isa = XCBuildConfiguration;
			buildSettings = {
				ALWAYS_SEARCH_USER_PATHS = NO;
				CLANG_ANALYZER_NONNULL = YES;
				CLANG_ANALYZER_NUMBER_OBJECT_CONVERSION = YES_AGGRESSIVE;
				CLANG_CXX_LANGUAGE_STANDARD = "gnu++14";
				CLANG_CXX_LIBRARY = "libc++";
				CLANG_ENABLE_MODULES = YES;
				CLANG_ENABLE_OBJC_ARC = YES;
				CLANG_ENABLE_OBJC_WEAK = YES;
				CLANG_WARN_BLOCK_CAPTURE_AUTORELEASING = YES;
				CLANG_WARN_BOOL_CONVERSION = YES;
				CLANG_WARN_COMMA = YES;
				CLANG_WARN_CONSTANT_CONVERSION = YES;
				CLANG_WARN_DEPRECATED_OBJC_IMPLEMENTATIONS = YES;
				CLANG_WARN_DIRECT_OBJC_ISA_USAGE = YES_ERROR;
				CLANG_WARN_DOCUMENTATION_COMMENTS = YES;
				CLANG_WARN_EMPTY_BODY = YES;
				CLANG_WARN_ENUM_CONVERSION = YES;
				CLANG_WARN_INFINITE_RECURSION = YES;
				CLANG_WARN_INT_CONVERSION = YES;
				CLANG_WARN_NON_LITERAL_NULL_CONVERSION = YES;
				CLANG_WARN_OBJC_IMPLICIT_RETAIN_SELF = YES;
				CLANG_WARN_OBJC_LITERAL_CONVERSION = YES;
				CLANG_WARN_OBJC_ROOT_CLASS = YES_ERROR;
				CLANG_WARN_QUOTED_INCLUDE_IN_FRAMEWORK_HEADER = YES;
				CLANG_WARN_RANGE_LOOP_ANALYSIS = YES;
				CLANG_WARN_STRICT_PROTOTYPES = YES;
				CLANG_WARN_SUSPICIOUS_MOVE = YES;
				CLANG_WARN_UNGUARDED_AVAILABILITY = YES_AGGRESSIVE;
				CLANG_WARN_UNREACHABLE_CODE = YES;
				CLANG_WARN__DUPLICATE_METHOD_MATCH = YES;
				COPY_PHASE_STRIP = NO;
				DEBUG_INFORMATION_FORMAT = "dwarf-with-dsym";
				ENABLE_NS_ASSERTIONS = NO;
				ENABLE_STRICT_OBJC_MSGSEND = YES;
				GCC_C_LANGUAGE_STANDARD = gnu11;
				GCC_NO_COMMON_BLOCKS = YES;
				GCC_WARN_64_TO_32_BIT_CONVERSION = YES;
				GCC_WARN_ABOUT_RETURN_TYPE = YES_ERROR;
				GCC_WARN_UNDECLARED_SELECTOR = YES;
				GCC_WARN_UNINITIALIZED_AUTOS = YES_AGGRESSIVE;
				GCC_WARN_UNUSED_FUNCTION = YES;
				GCC_WARN_UNUSED_VARIABLE = YES;
				IPHONEOS_DEPLOYMENT_TARGET = 14.4;
				MTL_ENABLE_DEBUG_INFO = NO;
				MTL_FAST_MATH = YES;
				SDKROOT = iphoneos;
				SWIFT_COMPILATION_MODE = wholemodule;
				SWIFT_OPTIMIZATION_LEVEL = "-O";
				VALIDATE_PRODUCT = YES;
			};
			name = Release;
		};
		E562D76426066727006AAEFF /* Debug */ = {
			isa = XCBuildConfiguration;
			baseConfigurationReference = 3FAA8307F7046D02925EB557 /* Pods-Parstagram.debug.xcconfig */;
			buildSettings = {
				ASSETCATALOG_COMPILER_APPICON_NAME = AppIcon;
				ASSETCATALOG_COMPILER_GLOBAL_ACCENT_COLOR_NAME = AccentColor;
				CODE_SIGN_STYLE = Automatic;
				DEVELOPMENT_TEAM = CCY2D2NRLZ;
				INFOPLIST_FILE = Parstagram/Info.plist;
				LD_RUNPATH_SEARCH_PATHS = (
					"$(inherited)",
					"@executable_path/Frameworks",
				);
				PRODUCT_BUNDLE_IDENTIFIER = BrockthoInc.Parstagram;
				PRODUCT_NAME = "$(TARGET_NAME)";
				SWIFT_VERSION = 5.0;
				TARGETED_DEVICE_FAMILY = "1,2";
			};
			name = Debug;
		};
		E562D76526066727006AAEFF /* Release */ = {
			isa = XCBuildConfiguration;
			baseConfigurationReference = 21C746EB11963C9DC9271D5B /* Pods-Parstagram.release.xcconfig */;
			buildSettings = {
				ASSETCATALOG_COMPILER_APPICON_NAME = AppIcon;
				ASSETCATALOG_COMPILER_GLOBAL_ACCENT_COLOR_NAME = AccentColor;
				CODE_SIGN_STYLE = Automatic;
				DEVELOPMENT_TEAM = CCY2D2NRLZ;
				INFOPLIST_FILE = Parstagram/Info.plist;
				LD_RUNPATH_SEARCH_PATHS = (
					"$(inherited)",
					"@executable_path/Frameworks",
				);
				PRODUCT_BUNDLE_IDENTIFIER = BrockthoInc.Parstagram;
				PRODUCT_NAME = "$(TARGET_NAME)";
				SWIFT_VERSION = 5.0;
				TARGETED_DEVICE_FAMILY = "1,2";
			};
			name = Release;
		};
		E562D76726066727006AAEFF /* Debug */ = {
			isa = XCBuildConfiguration;
			baseConfigurationReference = B4BD3D92FA78FB375BEE6D5F /* Pods-ParstagramTests.debug.xcconfig */;
			buildSettings = {
				ALWAYS_EMBED_SWIFT_STANDARD_LIBRARIES = YES;
				BUNDLE_LOADER = "$(TEST_HOST)";
				CODE_SIGN_STYLE = Automatic;
				DEVELOPMENT_TEAM = CCY2D2NRLZ;
				INFOPLIST_FILE = ParstagramTests/Info.plist;
				IPHONEOS_DEPLOYMENT_TARGET = 14.4;
				LD_RUNPATH_SEARCH_PATHS = (
					"$(inherited)",
					"@executable_path/Frameworks",
					"@loader_path/Frameworks",
				);
				PRODUCT_BUNDLE_IDENTIFIER = BrockthoInc.ParstagramTests;
				PRODUCT_NAME = "$(TARGET_NAME)";
				SWIFT_VERSION = 5.0;
				TARGETED_DEVICE_FAMILY = "1,2";
				TEST_HOST = "$(BUILT_PRODUCTS_DIR)/Parstagram.app/Parstagram";
			};
			name = Debug;
		};
		E562D76826066727006AAEFF /* Release */ = {
			isa = XCBuildConfiguration;
			baseConfigurationReference = 11B0959CB2ED0F40A0AA108D /* Pods-ParstagramTests.release.xcconfig */;
			buildSettings = {
				ALWAYS_EMBED_SWIFT_STANDARD_LIBRARIES = YES;
				BUNDLE_LOADER = "$(TEST_HOST)";
				CODE_SIGN_STYLE = Automatic;
				DEVELOPMENT_TEAM = CCY2D2NRLZ;
				INFOPLIST_FILE = ParstagramTests/Info.plist;
				IPHONEOS_DEPLOYMENT_TARGET = 14.4;
				LD_RUNPATH_SEARCH_PATHS = (
					"$(inherited)",
					"@executable_path/Frameworks",
					"@loader_path/Frameworks",
				);
				PRODUCT_BUNDLE_IDENTIFIER = BrockthoInc.ParstagramTests;
				PRODUCT_NAME = "$(TARGET_NAME)";
				SWIFT_VERSION = 5.0;
				TARGETED_DEVICE_FAMILY = "1,2";
				TEST_HOST = "$(BUILT_PRODUCTS_DIR)/Parstagram.app/Parstagram";
			};
			name = Release;
		};
		E562D76A26066727006AAEFF /* Debug */ = {
			isa = XCBuildConfiguration;
			baseConfigurationReference = 4EA9C3A98584C213C928181A /* Pods-Parstagram-ParstagramUITests.debug.xcconfig */;
			buildSettings = {
				ALWAYS_EMBED_SWIFT_STANDARD_LIBRARIES = YES;
				CODE_SIGN_STYLE = Automatic;
				DEVELOPMENT_TEAM = CCY2D2NRLZ;
				INFOPLIST_FILE = ParstagramUITests/Info.plist;
				LD_RUNPATH_SEARCH_PATHS = (
					"$(inherited)",
					"@executable_path/Frameworks",
					"@loader_path/Frameworks",
				);
				PRODUCT_BUNDLE_IDENTIFIER = BrockthoInc.ParstagramUITests;
				PRODUCT_NAME = "$(TARGET_NAME)";
				SWIFT_VERSION = 5.0;
				TARGETED_DEVICE_FAMILY = "1,2";
				TEST_TARGET_NAME = Parstagram;
			};
			name = Debug;
		};
		E562D76B26066727006AAEFF /* Release */ = {
			isa = XCBuildConfiguration;
			baseConfigurationReference = 08939275E98260B2BAC36101 /* Pods-Parstagram-ParstagramUITests.release.xcconfig */;
			buildSettings = {
				ALWAYS_EMBED_SWIFT_STANDARD_LIBRARIES = YES;
				CODE_SIGN_STYLE = Automatic;
				DEVELOPMENT_TEAM = CCY2D2NRLZ;
				INFOPLIST_FILE = ParstagramUITests/Info.plist;
				LD_RUNPATH_SEARCH_PATHS = (
					"$(inherited)",
					"@executable_path/Frameworks",
					"@loader_path/Frameworks",
				);
				PRODUCT_BUNDLE_IDENTIFIER = BrockthoInc.ParstagramUITests;
				PRODUCT_NAME = "$(TARGET_NAME)";
				SWIFT_VERSION = 5.0;
				TARGETED_DEVICE_FAMILY = "1,2";
				TEST_TARGET_NAME = Parstagram;
			};
			name = Release;
		};
/* End XCBuildConfiguration section */

/* Begin XCConfigurationList section */
		E562D73426066724006AAEFF /* Build configuration list for PBXProject "Parstagram" */ = {
			isa = XCConfigurationList;
			buildConfigurations = (
				E562D76126066727006AAEFF /* Debug */,
				E562D76226066727006AAEFF /* Release */,
			);
			defaultConfigurationIsVisible = 0;
			defaultConfigurationName = Release;
		};
		E562D76326066727006AAEFF /* Build configuration list for PBXNativeTarget "Parstagram" */ = {
			isa = XCConfigurationList;
			buildConfigurations = (
				E562D76426066727006AAEFF /* Debug */,
				E562D76526066727006AAEFF /* Release */,
			);
			defaultConfigurationIsVisible = 0;
			defaultConfigurationName = Release;
		};
		E562D76626066727006AAEFF /* Build configuration list for PBXNativeTarget "ParstagramTests" */ = {
			isa = XCConfigurationList;
			buildConfigurations = (
				E562D76726066727006AAEFF /* Debug */,
				E562D76826066727006AAEFF /* Release */,
			);
			defaultConfigurationIsVisible = 0;
			defaultConfigurationName = Release;
		};
		E562D76926066727006AAEFF /* Build configuration list for PBXNativeTarget "ParstagramUITests" */ = {
			isa = XCConfigurationList;
			buildConfigurations = (
				E562D76A26066727006AAEFF /* Debug */,
				E562D76B26066727006AAEFF /* Release */,
			);
			defaultConfigurationIsVisible = 0;
			defaultConfigurationName = Release;
		};
/* End XCConfigurationList section */
	};
	rootObject = E562D73126066724006AAEFF /* Project object */;
}
